# THIS IS AN AUTOGENERATED FILE. DO NOT EDIT THIS FILE DIRECTLY.
assets/ajax-loader.gif:
  development: 2018-08-18T18:35:55-04:00   deca8b0ecd6974227d157b6d7068995d
assets/gift-card.js:
  development: 2018-08-18T18:35:55-04:00   5f64ba6cb76fbcd82773489d51785bf1
assets/gift-card.scss.liquid:
  development: 2018-08-18T18:35:55-04:00   947a46a2a4262d5fd5d41bcb0a05b733
assets/ico-select.svg.liquid:
  development: 2018-08-18T18:35:55-04:00   8353ec2fa4634bc8e95613a939e60a15
assets/lazysizes.js:
  development: 2018-08-18T18:35:55-04:00   a27b15d827d7a26f9fa58fb6b4f9d4b6
assets/match-media.min.js:
  development: 2018-08-18T18:35:55-04:00   d0bf06c458a236dcca39b3be8cf80ec5
assets/password.js:
  development: 2018-08-18T18:35:55-04:00   e46783cdfaabc1b669e6aec104bf120e
assets/theme.js:
  development: 2018-08-18T18:35:55-04:00   804996ad4f481d4eaa7290bed5a2ab20
assets/theme.scss.liquid:
  development: 2018-08-18T18:35:56-04:00   ef718819cb298281772ac124acda2485
assets/vendor.js:
  development: 2018-08-18T18:35:56-04:00   465fb5b94497c1cdcd55ba6cb04ffeb2
config/settings_data.json:
  development: 2018-08-18T18:35:59-04:00   69da22682ecb050c988fd79b2e7ead5f
config/settings_schema.json:
  development: 2018-08-18T18:35:59-04:00   27ced894ec35db55257486fe5f9666d0
layout/gift_card.liquid:
  development: 2018-08-18T18:35:56-04:00   cf060607763db717a273bdf367f38403
layout/password.liquid:
  development: 2018-08-18T18:35:56-04:00   33633e5bb77c086ac3dc468153bcea2e
layout/theme.liquid:
  development: 2018-08-18T18:35:56-04:00   bdfb0ef0e71ef13a51b598505dbbeeef
locales/de.json:
  development: 2018-08-18T18:35:56-04:00   cf58112803d34d17fd1903fcd2cb780e
locales/en.default.json:
  development: 2018-08-18T18:35:56-04:00   e8722dd5e19b37adb2e8a2ee141e7ff2
locales/es.json:
  development: 2018-08-18T18:35:56-04:00   24414dcaaca3e76f65012e467cb367b2
locales/fr.json:
  development: 2018-08-18T18:35:56-04:00   16e68387507c9643f7f8f306322d585b
locales/it.json:
  development: 2018-08-18T18:35:56-04:00   83df5b54e4a2a8b5ca24958388b7f439
locales/ja.json:
  development: 2018-08-18T18:35:56-04:00   c20ea6b193f59001dc8525eb29cb36ae
locales/pt-BR.json:
  development: 2018-08-18T18:35:56-04:00   f9f11bb2f0de7242534872fb3150b93f
locales/pt-PT.json:
  development: 2018-08-18T18:35:56-04:00   1f69b7055af25824d9fecfd79e65bba3
sections/article-template.liquid:
  development: 2018-08-18T18:35:53-04:00   748f973d53b046ec9d6498c875d4504a
sections/blog-template.liquid:
  development: 2018-08-18T18:35:53-04:00   397399a5f31d897dbeeb4bbea788d5c2
sections/cart-template.liquid:
  development: 2018-08-18T18:35:53-04:00   de801009a13e6c8df2b6fea4b331f559
sections/collection-list.liquid:
  development: 2018-08-18T18:35:53-04:00   7b7908aa43104e2210d1f69c8df6ab8e
sections/collection-template.liquid:
  development: 2018-08-18T18:35:53-04:00   7ff381c4ace3e5b22a1af26c3e0128e6
sections/collection.liquid:
  development: 2018-08-18T18:35:53-04:00   e8c6a9c3ce4368058427268094d2a69b
sections/custom-content.liquid:
  development: 2018-08-18T18:35:53-04:00   ae1fb22e0dc7bfac5073e9a0461c5961
sections/feature-columns.liquid:
  development: 2018-08-18T18:35:53-04:00   bd23b57743edac459bb4b6ab58566c72
sections/feature-row.liquid:
  development: 2018-08-18T18:35:53-04:00   94f5de44af22db50bfcd52de7cd5a529
sections/featured-blog.liquid:
  development: 2018-08-18T18:35:54-04:00   a95007060e3068d7af3a6b9bc5482cd0
sections/featured-product.liquid:
  development: 2018-08-18T18:35:54-04:00   32d44370147ddd1d9334ef62a67a4af9
sections/footer.liquid:
  development: 2018-08-18T18:35:54-04:00   5be5ad345506de9a47533dfb82f10ba5
sections/header.liquid:
  development: 2018-08-19T23:54:04-04:00   8634a50ec39f6e16cf6a8ff896acd5e3
sections/hero.liquid:
  development: 2018-08-18T18:35:54-04:00   7db1c53baa4d84cb6b795f59b5d10e32
sections/image-bar.liquid:
  development: 2018-08-18T18:35:54-04:00   231aa262f85fa67cec101b543ddadc3a
sections/list-collections-template.liquid:
  development: 2018-08-18T18:35:54-04:00   44006fed042fdd3cdd8366f061ddbea4
sections/logo-bar.liquid:
  development: 2018-08-18T18:35:54-04:00   e8a346b6c6e2f9a0da79283751746df7
sections/map.liquid:
  development: 2018-08-18T18:35:54-04:00   a1813e9201fe1cfa8f59f1df9ba25b0c
sections/newsletter.liquid:
  development: 2018-08-18T18:35:54-04:00   0a3c601fb494f088c046b4b442a46858
sections/password-content.liquid:
  development: 2018-08-18T18:35:54-04:00   edf8cc9c082ffe7323ae2e1f932b8688
sections/password-footer.liquid:
  development: 2018-08-18T18:35:54-04:00   6d12ad6a6bc28197a0dc4fad04a3526f
sections/password-header.liquid:
  development: 2018-08-18T18:35:54-04:00   3790142b8209460c7379b5635545e1ca
sections/product-template.liquid:
  development: 2018-08-18T18:35:54-04:00   f8a9d0d1d26af60fb17fa50d47250b5a
sections/quotes.liquid:
  development: 2018-08-18T18:35:54-04:00   4d477a14bc6c3fca01e8cbd4405fa074
sections/rich-text.liquid:
  development: 2018-08-18T18:35:54-04:00   6a81c1f71adffe8d9c0b28e9ed023b4c
sections/slideshow.liquid:
  development: 2018-08-18T18:35:54-04:00   b712ff72cb7470718c0f7aa03f33a401
snippets/bgset.liquid:
  development: 2018-08-18T18:35:56-04:00   85889bbc39b57621f32fad66317366fc
snippets/collection-grid-item.liquid:
  development: 2018-08-18T18:35:56-04:00   a8289cb017c432e34d985124fbbcc6bb
snippets/comment.liquid:
  development: 2018-08-18T18:35:56-04:00   50406c82467014e1bbe15a62685b2536
snippets/form-status.liquid:
  development: 2018-08-18T18:35:56-04:00   0aec3ee73be627856fe30ec26e98d164
snippets/icon-arrow-left.liquid:
  development: 2018-08-18T18:35:56-04:00   5abf8c4c69967103f685014dcc88a6e7
snippets/icon-arrow-right.liquid:
  development: 2018-08-18T18:35:56-04:00   45f24673c43655e9275d1ba99d814374
snippets/icon-cart.liquid:
  development: 2018-08-18T18:35:56-04:00   c9de61c7db365e0090f7ca5423b633e6
snippets/icon-chevron-down.liquid:
  development: 2018-08-18T18:35:57-04:00   7d3a8cd08370aa9d2a88ae542446a181
snippets/icon-chevron-left.liquid:
  development: 2018-08-18T18:35:57-04:00   6290d56c32e8ac47abe4a4f4d90ed032
snippets/icon-chevron-right.liquid:
  development: 2018-08-18T18:35:57-04:00   41842e53e7b826a0d260e2ccffbfdab1
snippets/icon-chevron-up.liquid:
  development: 2018-08-18T18:35:57-04:00   4df1e02c8789418fc53d48e2913daf49
snippets/icon-close.liquid:
  development: 2018-08-18T18:35:57-04:00   a04fce17a63e760b9bce76768ee29feb
snippets/icon-error.liquid:
  development: 2018-08-18T18:35:57-04:00   8aec7da89e6231ef18c7bdfba402ac54
snippets/icon-facebook.liquid:
  development: 2018-08-18T18:35:57-04:00   334588042b292f2d7335fd2791c35eca
snippets/icon-hamburger.liquid:
  development: 2018-08-18T18:35:57-04:00   559577e06ff14924311cfe2642e8b765
snippets/icon-instagram.liquid:
  development: 2018-08-18T18:35:57-04:00   bf50214819f6e2a5f053593e2414526d
snippets/icon-laser.liquid:
  development: 2018-08-18T18:35:57-04:00   bd1a0ecfe958b6a6e84bf80e0669a6da
snippets/icon-lock.liquid:
  development: 2018-08-18T18:35:57-04:00   60ae7ba03d14efa582faed8855821a58
snippets/icon-login.liquid:
  development: 2018-08-18T18:35:57-04:00   9a74bdaac402576390ca1dbdc9e7869c
snippets/icon-minus.liquid:
  development: 2018-08-18T18:35:57-04:00   78c513424d498299e865f8a242823ad0
snippets/icon-pause.liquid:
  development: 2018-08-18T18:35:57-04:00   99e785a63af3ab0a7ccd9c5551ea8910
snippets/icon-pin.liquid:
  development: 2018-08-18T18:35:57-04:00   694162388571d6142ec30bc299d8ac91
snippets/icon-pinterest.liquid:
  development: 2018-08-18T18:35:57-04:00   701f2a785b3fa83d63e3ab54af060031
snippets/icon-play-video.liquid:
  development: 2018-08-18T18:35:57-04:00   f0b736a271f33b83b319b2d04e61aa2b
snippets/icon-play.liquid:
  development: 2018-08-18T18:35:57-04:00   31ff2901a9fd0f32ebc4c05748e7aa5d
snippets/icon-plus.liquid:
  development: 2018-08-18T18:35:57-04:00   ba5297f64eb7ea97f1785e8166e11231
snippets/icon-quote.liquid:
  development: 2018-08-18T18:35:57-04:00   e710949f7a142dfc3c4fac15c33bb2fa
snippets/icon-rss.liquid:
  development: 2018-08-18T18:35:57-04:00   6493d6bcb850513a55823d4ff62b0f8b
snippets/icon-search.liquid:
  development: 2018-08-18T18:35:57-04:00   7a6bf8d43770ed3a16cb22001718b87e
snippets/icon-shopify-logo.liquid:
  development: 2018-08-18T18:35:57-04:00   3f0b70f9e01be5b25507d25a732ecde7
snippets/icon-snapchat.liquid:
  development: 2018-08-18T18:35:57-04:00   9ed6937e3232c9034976be2b8ed9f673
snippets/icon-tumblr.liquid:
  development: 2018-08-18T18:35:57-04:00   d71a4ada77a8a9b6bd792bdafef393de
snippets/icon-twitter.liquid:
  development: 2018-08-18T18:35:57-04:00   24047c22697a23a0baabf2804adc6c11
snippets/icon-vimeo.liquid:
  development: 2018-08-18T18:35:57-04:00   a229ed8a1a81e6ef95ad621f8a34efb6
snippets/icon-youtube.liquid:
  development: 2018-08-18T18:35:57-04:00   9d72c5bc3eaa14a3e7aefd921881b1ae
snippets/image-style.liquid:
  development: 2018-08-18T18:35:58-04:00   2d807ad1f4831d306d8e190b89d45c00
snippets/no-blocks.liquid:
  development: 2018-08-18T18:35:58-04:00   0cb7d758b6df0feb07ae5804b4b627fa
snippets/pagination.liquid:
  development: 2018-08-18T18:35:58-04:00   6084e49e69e5a13931c302a334be9069
snippets/product-card-grid.liquid:
  development: 2018-08-18T18:35:58-04:00   f11eac13278df29392923bbfc8fb9610
snippets/product-card-list.liquid:
  development: 2018-08-18T18:35:58-04:00   a66f3cbd9633bfaf5a4db7a83f2eacf1
snippets/product-price.liquid:
  development: 2018-08-18T18:35:58-04:00   341fd7830f98013dbd0c30ac14b54226
snippets/search-form.liquid:
  development: 2018-08-18T18:35:58-04:00   ba3418a1b448bff826b65e251840e1a4
snippets/site-nav.liquid:
  development: 2018-08-18T18:35:58-04:00   e819933ae7740eda0987c3bc6d5f8928
snippets/social-meta-tags.liquid:
  development: 2018-08-18T18:35:58-04:00   ae9e213401623b2601abf0ace8e21537
snippets/social-sharing.liquid:
  development: 2018-08-18T18:35:58-04:00   99c9ab85f3c3c08724d523c8ae803f48
templates/404.liquid:
  development: 2018-08-18T18:35:58-04:00   805b16263cdf5c85be9c507ad6b03623
templates/article.liquid:
  development: 2018-08-18T18:35:58-04:00   02dfb3a7ae7f2e17c26320d7c0d11125
templates/blog.liquid:
  development: 2018-08-18T18:35:58-04:00   2d9763b480fe6879080163b1e0e33e54
templates/cart.liquid:
  development: 2018-08-18T18:35:58-04:00   714b4b7c62d583b231f339bbd1b85d03
templates/collection.liquid:
  development: 2018-08-18T18:35:58-04:00   5db0256874fca1cc72a6f068888fe095
templates/customers/account.liquid:
  development: 2018-08-18T18:35:58-04:00   2150e58e96e6435f4449d4a71b395aa6
templates/customers/activate_account.liquid:
  development: 2018-08-18T18:35:58-04:00   a72f8d3b00650f7123113ca3eb2bb14b
templates/customers/addresses.liquid:
  development: 2018-08-18T18:35:58-04:00   a508c1aa90931dc76ac24321d7921298
templates/customers/login.liquid:
  development: 2018-08-18T18:35:58-04:00   b510dc58805428ee890cbe2d33acf89d
templates/customers/order.liquid:
  development: 2018-08-18T18:35:58-04:00   e6fc7179a5a3904781b3847d8ef8c0f7
templates/customers/register.liquid:
  development: 2018-08-18T18:35:58-04:00   d5ff2b8c829efba767ccf98366beae51
templates/customers/reset_password.liquid:
  development: 2018-08-18T18:35:58-04:00   b1a5600ded81661c31216b8d020eabab
templates/gift_card.liquid:
  development: 2018-08-18T18:35:58-04:00   afb0801dfa475df4c920ba82983c7650
templates/index.liquid:
  development: 2018-08-18T18:35:58-04:00   56b51b6f96394db4b17c64b43e1c0010
templates/list-collections.liquid:
  development: 2018-08-18T18:35:59-04:00   d42f6d6957169811896f646709d353d9
templates/page.contact.liquid:
  development: 2018-08-18T18:35:59-04:00   1c008cceb9800287cf0fe62aec2cc9ea
templates/page.liquid:
  development: 2018-08-18T18:35:59-04:00   26f97d3355078de5c6678ed3b34ad7f6
templates/password.liquid:
  development: 2018-08-18T18:35:59-04:00   30d1743d26765ce8c3fa53a3fdf9524f
templates/product.liquid:
  development: 2018-08-18T18:35:59-04:00   8097ca4b3e79eb006bba3c6c2b98e431
templates/search.liquid:
  development: 2018-08-18T18:35:59-04:00   4708878fcc44c64f149120b120b05115
